// !$*UTF8*$!
{
	archiveVersion = 1;
	classes = {
	};
	objectVersion = 56;
	objects = {

/* Begin PBXBuildFile section */
		7B61522A29661B8A0019F08E /* SearchPaginationApp.swift in Sources */ = {isa = PBXBuildFile; fileRef = 7B61522929661B8A0019F08E /* SearchPaginationApp.swift */; };
		7B61522C29661B8A0019F08E /* ContentView.swift in Sources */ = {isa = PBXBuildFile; fileRef = 7B61522B29661B8A0019F08E /* ContentView.swift */; };
		7B61522E29661B8C0019F08E /* Assets.xcassets in Resources */ = {isa = PBXBuildFile; fileRef = 7B61522D29661B8C0019F08E /* Assets.xcassets */; };
		7B61523129661B8C0019F08E /* Preview Assets.xcassets in Resources */ = {isa = PBXBuildFile; fileRef = 7B61523029661B8C0019F08E /* Preview Assets.xcassets */; };
		7B61523329661B8C0019F08E /* Persistence.swift in Sources */ = {isa = PBXBuildFile; fileRef = 7B61523229661B8C0019F08E /* Persistence.swift */; };
		7B61523629661B8C0019F08E /* SearchPagination.xcdatamodeld in Sources */ = {isa = PBXBuildFile; fileRef = 7B61523429661B8C0019F08E /* SearchPagination.xcdatamodeld */; };
		7B61524029661B8D0019F08E /* SearchPaginationTests.swift in Sources */ = {isa = PBXBuildFile; fileRef = 7B61523F29661B8D0019F08E /* SearchPaginationTests.swift */; };
		7B61524A29661B8D0019F08E /* SearchPaginationUITests.swift in Sources */ = {isa = PBXBuildFile; fileRef = 7B61524929661B8D0019F08E /* SearchPaginationUITests.swift */; };
		7B61524C29661B8D0019F08E /* SearchPaginationUITestsLaunchTests.swift in Sources */ = {isa = PBXBuildFile; fileRef = 7B61524B29661B8D0019F08E /* SearchPaginationUITestsLaunchTests.swift */; };
/* End PBXBuildFile section */

/* Begin PBXContainerItemProxy section */
		7B61523C29661B8D0019F08E /* PBXContainerItemProxy */ = {
			isa = PBXContainerItemProxy;
			containerPortal = 7B61521E29661B8A0019F08E /* Project object */;
			proxyType = 1;
			remoteGlobalIDString = 7B61522529661B8A0019F08E;
			remoteInfo = SearchPagination;
		};
		7B61524629661B8D0019F08E /* PBXContainerItemProxy */ = {
			isa = PBXContainerItemProxy;
			containerPortal = 7B61521E29661B8A0019F08E /* Project object */;
			proxyType = 1;
			remoteGlobalIDString = 7B61522529661B8A0019F08E;
			remoteInfo = SearchPagination;
		};
/* End PBXContainerItemProxy section */

/* Begin PBXFileReference section */
		7B61522629661B8A0019F08E /* SearchPagination.app */ = {isa = PBXFileReference; explicitFileType = wrapper.application; includeInIndex = 0; path = SearchPagination.app; sourceTree = BUILT_PRODUCTS_DIR; };
		7B61522929661B8A0019F08E /* SearchPaginationApp.swift */ = {isa = PBXFileReference; lastKnownFileType = sourcecode.swift; path = SearchPaginationApp.swift; sourceTree = "<group>"; };
		7B61522B29661B8A0019F08E /* ContentView.swift */ = {isa = PBXFileReference; lastKnownFileType = sourcecode.swift; path = ContentView.swift; sourceTree = "<group>"; };
		7B61522D29661B8C0019F08E /* Assets.xcassets */ = {isa = PBXFileReference; lastKnownFileType = folder.assetcatalog; path = Assets.xcassets; sourceTree = "<group>"; };
		7B61523029661B8C0019F08E /* Preview Assets.xcassets */ = {isa = PBXFileReference; lastKnownFileType = folder.assetcatalog; path = "Preview Assets.xcassets"; sourceTree = "<group>"; };
		7B61523229661B8C0019F08E /* Persistence.swift */ = {isa = PBXFileReference; lastKnownFileType = sourcecode.swift; path = Persistence.swift; sourceTree = "<group>"; };
		7B61523529661B8C0019F08E /* SearchPagination.xcdatamodel */ = {isa = PBXFileReference; lastKnownFileType = wrapper.xcdatamodel; path = SearchPagination.xcdatamodel; sourceTree = "<group>"; };
		7B61523B29661B8D0019F08E /* SearchPaginationTests.xctest */ = {isa = PBXFileReference; explicitFileType = wrapper.cfbundle; includeInIndex = 0; path = SearchPaginationTests.xctest; sourceTree = BUILT_PRODUCTS_DIR; };
		7B61523F29661B8D0019F08E /* SearchPaginationTests.swift */ = {isa = PBXFileReference; lastKnownFileType = sourcecode.swift; path = SearchPaginationTests.swift; sourceTree = "<group>"; };
		7B61524529661B8D0019F08E /* SearchPaginationUITests.xctest */ = {isa = PBXFileReference; explicitFileType = wrapper.cfbundle; includeInIndex = 0; path = SearchPaginationUITests.xctest; sourceTree = BUILT_PRODUCTS_DIR; };
		7B61524929661B8D0019F08E /* SearchPaginationUITests.swift */ = {isa = PBXFileReference; lastKnownFileType = sourcecode.swift; path = SearchPaginationUITests.swift; sourceTree = "<group>"; };
		7B61524B29661B8D0019F08E /* SearchPaginationUITestsLaunchTests.swift */ = {isa = PBXFileReference; lastKnownFileType = sourcecode.swift; path = SearchPaginationUITestsLaunchTests.swift; sourceTree = "<group>"; };
/* End PBXFileReference section */

/* Begin PBXFrameworksBuildPhase section */
		7B61522329661B8A0019F08E /* Frameworks */ = {
			isa = PBXFrameworksBuildPhase;
			buildActionMask = 2147483647;
			files = (
			);
			runOnlyForDeploymentPostprocessing = 0;
		};
		7B61523829661B8D0019F08E /* Frameworks */ = {
			isa = PBXFrameworksBuildPhase;
			buildActionMask = 2147483647;
			files = (
			);
			runOnlyForDeploymentPostprocessing = 0;
		};
		7B61524229661B8D0019F08E /* Frameworks */ = {
			isa = PBXFrameworksBuildPhase;
			buildActionMask = 2147483647;
			files = (
			);
			runOnlyForDeploymentPostprocessing = 0;
		};
/* End PBXFrameworksBuildPhase section */

/* Begin PBXGroup section */
		7B61521D29661B8A0019F08E = {
			isa = PBXGroup;
			children = (
				7B61522829661B8A0019F08E /* SearchPagination */,
				7B61523E29661B8D0019F08E /* SearchPaginationTests */,
				7B61524829661B8D0019F08E /* SearchPaginationUITests */,
				7B61522729661B8A0019F08E /* Products */,
			);
			sourceTree = "<group>";
		};
		7B61522729661B8A0019F08E /* Products */ = {
			isa = PBXGroup;
			children = (
				7B61522629661B8A0019F08E /* SearchPagination.app */,
				7B61523B29661B8D0019F08E /* SearchPaginationTests.xctest */,
				7B61524529661B8D0019F08E /* SearchPaginationUITests.xctest */,
			);
			name = Products;
			sourceTree = "<group>";
		};
		7B61522829661B8A0019F08E /* SearchPagination */ = {
			isa = PBXGroup;
			children = (
				7B61522929661B8A0019F08E /* SearchPaginationApp.swift */,
				7B61522B29661B8A0019F08E /* ContentView.swift */,
				7B61522D29661B8C0019F08E /* Assets.xcassets */,
				7B61523229661B8C0019F08E /* Persistence.swift */,
				7B61523429661B8C0019F08E /* SearchPagination.xcdatamodeld */,
				7B61522F29661B8C0019F08E /* Preview Content */,
			);
			path = SearchPagination;
			sourceTree = "<group>";
		};
		7B61522F29661B8C0019F08E /* Preview Content */ = {
			isa = PBXGroup;
			children = (
				7B61523029661B8C0019F08E /* Preview Assets.xcassets */,
			);
			path = "Preview Content";
			sourceTree = "<group>";
		};
		7B61523E29661B8D0019F08E /* SearchPaginationTests */ = {
			isa = PBXGroup;
			children = (
				7B61523F29661B8D0019F08E /* SearchPaginationTests.swift */,
			);
			path = SearchPaginationTests;
			sourceTree = "<group>";
		};
		7B61524829661B8D0019F08E /* SearchPaginationUITests */ = {
			isa = PBXGroup;
			children = (
				7B61524929661B8D0019F08E /* SearchPaginationUITests.swift */,
				7B61524B29661B8D0019F08E /* SearchPaginationUITestsLaunchTests.swift */,
			);
			path = SearchPaginationUITests;
			sourceTree = "<group>";
		};
/* End PBXGroup section */

/* Begin PBXNativeTarget section */
		7B61522529661B8A0019F08E /* SearchPagination */ = {
			isa = PBXNativeTarget;
			buildConfigurationList = 7B61524F29661B8D0019F08E /* Build configuration list for PBXNativeTarget "SearchPagination" */;
			buildPhases = (
				7B61522229661B8A0019F08E /* Sources */,
				7B61522329661B8A0019F08E /* Frameworks */,
				7B61522429661B8A0019F08E /* Resources */,
			);
			buildRules = (
			);
			dependencies = (
			);
			name = SearchPagination;
			productName = SearchPagination;
			productReference = 7B61522629661B8A0019F08E /* SearchPagination.app */;
			productType = "com.apple.product-type.application";
		};
		7B61523A29661B8D0019F08E /* SearchPaginationTests */ = {
			isa = PBXNativeTarget;
			buildConfigurationList = 7B61525229661B8D0019F08E /* Build configuration list for PBXNativeTarget "SearchPaginationTests" */;
			buildPhases = (
				7B61523729661B8D0019F08E /* Sources */,
				7B61523829661B8D0019F08E /* Frameworks */,
				7B61523929661B8D0019F08E /* Resources */,
			);
			buildRules = (
			);
			dependencies = (
				7B61523D29661B8D0019F08E /* PBXTargetDependency */,
			);
			name = SearchPaginationTests;
			productName = SearchPaginationTests;
			productReference = 7B61523B29661B8D0019F08E /* SearchPaginationTests.xctest */;
			productType = "com.apple.product-type.bundle.unit-test";
		};
		7B61524429661B8D0019F08E /* SearchPaginationUITests */ = {
			isa = PBXNativeTarget;
			buildConfigurationList = 7B61525529661B8D0019F08E /* Build configuration list for PBXNativeTarget "SearchPaginationUITests" */;
			buildPhases = (
				7B61524129661B8D0019F08E /* Sources */,
				7B61524229661B8D0019F08E /* Frameworks */,
				7B61524329661B8D0019F08E /* Resources */,
			);
			buildRules = (
			);
			dependencies = (
				7B61524729661B8D0019F08E /* PBXTargetDependency */,
			);
			name = SearchPaginationUITests;
			productName = SearchPaginationUITests;
			productReference = 7B61524529661B8D0019F08E /* SearchPaginationUITests.xctest */;
			productType = "com.apple.product-type.bundle.ui-testing";
		};
/* End PBXNativeTarget section */

/* Begin PBXProject section */
		7B61521E29661B8A0019F08E /* Project object */ = {
			isa = PBXProject;
			attributes = {
				BuildIndependentTargetsInParallel = 1;
				LastSwiftUpdateCheck = 1410;
				LastUpgradeCheck = 1410;
				TargetAttributes = {
					7B61522529661B8A0019F08E = {
						CreatedOnToolsVersion = 14.1;
					};
					7B61523A29661B8D0019F08E = {
						CreatedOnToolsVersion = 14.1;
						TestTargetID = 7B61522529661B8A0019F08E;
					};
					7B61524429661B8D0019F08E = {
						CreatedOnToolsVersion = 14.1;
						TestTargetID = 7B61522529661B8A0019F08E;
					};
				};
			};
			buildConfigurationList = 7B61522129661B8A0019F08E /* Build configuration list for PBXProject "SearchPagination" */;
			compatibilityVersion = "Xcode 14.0";
			developmentRegion = en;
			hasScannedForEncodings = 0;
			knownRegions = (
				en,
				Base,
			);
			mainGroup = 7B61521D29661B8A0019F08E;
			productRefGroup = 7B61522729661B8A0019F08E /* Products */;
			projectDirPath = "";
			projectRoot = "";
			targets = (
				7B61522529661B8A0019F08E /* SearchPagination */,
				7B61523A29661B8D0019F08E /* SearchPaginationTests */,
				7B61524429661B8D0019F08E /* SearchPaginationUITests */,
			);
		};
/* End PBXProject section */

/* Begin PBXResourcesBuildPhase section */
		7B61522429661B8A0019F08E /* Resources */ = {
			isa = PBXResourcesBuildPhase;
			buildActionMask = 2147483647;
			files = (
				7B61523129661B8C0019F08E /* Preview Assets.xcassets in Resources */,
				7B61522E29661B8C0019F08E /* Assets.xcassets in Resources */,
			);
			runOnlyForDeploymentPostprocessing = 0;
		};
		7B61523929661B8D0019F08E /* Resources */ = {
			isa = PBXResourcesBuildPhase;
			buildActionMask = 2147483647;
			files = (
			);
			runOnlyForDeploymentPostprocessing = 0;
		};
		7B61524329661B8D0019F08E /* Resources */ = {
			isa = PBXResourcesBuildPhase;
			buildActionMask = 2147483647;
			files = (
			);
			runOnlyForDeploymentPostprocessing = 0;
		};
/* End PBXResourcesBuildPhase section */

/* Begin PBXSourcesBuildPhase section */
		7B61522229661B8A0019F08E /* Sources */ = {
			isa = PBXSourcesBuildPhase;
			buildActionMask = 2147483647;
			files = (
				7B61523329661B8C0019F08E /* Persistence.swift in Sources */,
				7B61523629661B8C0019F08E /* SearchPagination.xcdatamodeld in Sources */,
				7B61522C29661B8A0019F08E /* ContentView.swift in Sources */,
				7B61522A29661B8A0019F08E /* SearchPaginationApp.swift in Sources */,
			);
			runOnlyForDeploymentPostprocessing = 0;
		};
		7B61523729661B8D0019F08E /* Sources */ = {
			isa = PBXSourcesBuildPhase;
			buildActionMask = 2147483647;
			files = (
				7B61524029661B8D0019F08E /* SearchPaginationTests.swift in Sources */,
			);
			runOnlyForDeploymentPostprocessing = 0;
		};
		7B61524129661B8D0019F08E /* Sources */ = {
			isa = PBXSourcesBuildPhase;
			buildActionMask = 2147483647;
			files = (
				7B61524C29661B8D0019F08E /* SearchPaginationUITestsLaunchTests.swift in Sources */,
				7B61524A29661B8D0019F08E /* SearchPaginationUITests.swift in Sources */,
			);
			runOnlyForDeploymentPostprocessing = 0;
		};
/* End PBXSourcesBuildPhase section */

/* Begin PBXTargetDependency section */
		7B61523D29661B8D0019F08E /* PBXTargetDependency */ = {
			isa = PBXTargetDependency;
			target = 7B61522529661B8A0019F08E /* SearchPagination */;
			targetProxy = 7B61523C29661B8D0019F08E /* PBXContainerItemProxy */;
		};
		7B61524729661B8D0019F08E /* PBXTargetDependency */ = {
			isa = PBXTargetDependency;
			target = 7B61522529661B8A0019F08E /* SearchPagination */;
			targetProxy = 7B61524629661B8D0019F08E /* PBXContainerItemProxy */;
		};
/* End PBXTargetDependency section */

/* Begin XCBuildConfiguration section */
		7B61524D29661B8D0019F08E /* Debug */ = {
			isa = XCBuildConfiguration;
			buildSettings = {
				ALWAYS_SEARCH_USER_PATHS = NO;
				CLANG_ANALYZER_NONNULL = YES;
				CLANG_ANALYZER_NUMBER_OBJECT_CONVERSION = YES_AGGRESSIVE;
				CLANG_CXX_LANGUAGE_STANDARD = "gnu++20";
				CLANG_ENABLE_MODULES = YES;
				CLANG_ENABLE_OBJC_ARC = YES;
				CLANG_ENABLE_OBJC_WEAK = YES;
				CLANG_WARN_BLOCK_CAPTURE_AUTORELEASING = YES;
				CLANG_WARN_BOOL_CONVERSION = YES;
				CLANG_WARN_COMMA = YES;
				CLANG_WARN_CONSTANT_CONVERSION = YES;
				CLANG_WARN_DEPRECATED_OBJC_IMPLEMENTATIONS = YES;
				CLANG_WARN_DIRECT_OBJC_ISA_USAGE = YES_ERROR;
				CLANG_WARN_DOCUMENTATION_COMMENTS = YES;
				CLANG_WARN_EMPTY_BODY = YES;
				CLANG_WARN_ENUM_CONVERSION = YES;
				CLANG_WARN_INFINITE_RECURSION = YES;
				CLANG_WARN_INT_CONVERSION = YES;
				CLANG_WARN_NON_LITERAL_NULL_CONVERSION = YES;
				CLANG_WARN_OBJC_IMPLICIT_RETAIN_SELF = YES;
				CLANG_WARN_OBJC_LITERAL_CONVERSION = YES;
				CLANG_WARN_OBJC_ROOT_CLASS = YES_ERROR;
				CLANG_WARN_QUOTED_INCLUDE_IN_FRAMEWORK_HEADER = YES;
				CLANG_WARN_RANGE_LOOP_ANALYSIS = YES;
				CLANG_WARN_STRICT_PROTOTYPES = YES;
				CLANG_WARN_SUSPICIOUS_MOVE = YES;
				CLANG_WARN_UNGUARDED_AVAILABILITY = YES_AGGRESSIVE;
				CLANG_WARN_UNREACHABLE_CODE = YES;
				CLANG_WARN__DUPLICATE_METHOD_MATCH = YES;
				COPY_PHASE_STRIP = NO;
				DEBUG_INFORMATION_FORMAT = dwarf;
				ENABLE_STRICT_OBJC_MSGSEND = YES;
				ENABLE_TESTABILITY = YES;
				GCC_C_LANGUAGE_STANDARD = gnu11;
				GCC_DYNAMIC_NO_PIC = NO;
				GCC_NO_COMMON_BLOCKS = YES;
				GCC_OPTIMIZATION_LEVEL = 0;
				GCC_PREPROCESSOR_DEFINITIONS = (
					"DEBUG=1",
					"$(inherited)",
				);
				GCC_WARN_64_TO_32_BIT_CONVERSION = YES;
				GCC_WARN_ABOUT_RETURN_TYPE = YES_ERROR;
				GCC_WARN_UNDECLARED_SELECTOR = YES;
				GCC_WARN_UNINITIALIZED_AUTOS = YES_AGGRESSIVE;
				GCC_WARN_UNUSED_FUNCTION = YES;
				GCC_WARN_UNUSED_VARIABLE = YES;
				IPHONEOS_DEPLOYMENT_TARGET = 16.1;
				MTL_ENABLE_DEBUG_INFO = INCLUDE_SOURCE;
				MTL_FAST_MATH = YES;
				ONLY_ACTIVE_ARCH = YES;
				SDKROOT = iphoneos;
				SWIFT_ACTIVE_COMPILATION_CONDITIONS = DEBUG;
				SWIFT_OPTIMIZATION_LEVEL = "-Onone";
			};
			name = Debug;
		};
		7B61524E29661B8D0019F08E /* Release */ = {
			isa = XCBuildConfiguration;
			buildSettings = {
				ALWAYS_SEARCH_USER_PATHS = NO;
				CLANG_ANALYZER_NONNULL = YES;
				CLANG_ANALYZER_NUMBER_OBJECT_CONVERSION = YES_AGGRESSIVE;
				CLANG_CXX_LANGUAGE_STANDARD = "gnu++20";
				CLANG_ENABLE_MODULES = YES;
				CLANG_ENABLE_OBJC_ARC = YES;
				CLANG_ENABLE_OBJC_WEAK = YES;
				CLANG_WARN_BLOCK_CAPTURE_AUTORELEASING = YES;
				CLANG_WARN_BOOL_CONVERSION = YES;
				CLANG_WARN_COMMA = YES;
				CLANG_WARN_CONSTANT_CONVERSION = YES;
				CLANG_WARN_DEPRECATED_OBJC_IMPLEMENTATIONS = YES;
				CLANG_WARN_DIRECT_OBJC_ISA_USAGE = YES_ERROR;
				CLANG_WARN_DOCUMENTATION_COMMENTS = YES;
				CLANG_WARN_EMPTY_BODY = YES;
				CLANG_WARN_ENUM_CONVERSION = YES;
				CLANG_WARN_INFINITE_RECURSION = YES;
				CLANG_WARN_INT_CONVERSION = YES;
				CLANG_WARN_NON_LITERAL_NULL_CONVERSION = YES;
				CLANG_WARN_OBJC_IMPLICIT_RETAIN_SELF = YES;
				CLANG_WARN_OBJC_LITERAL_CONVERSION = YES;
				CLANG_WARN_OBJC_ROOT_CLASS = YES_ERROR;
				CLANG_WARN_QUOTED_INCLUDE_IN_FRAMEWORK_HEADER = YES;
				CLANG_WARN_RANGE_LOOP_ANALYSIS = YES;
				CLANG_WARN_STRICT_PROTOTYPES = YES;
				CLANG_WARN_SUSPICIOUS_MOVE = YES;
				CLANG_WARN_UNGUARDED_AVAILABILITY = YES_AGGRESSIVE;
				CLANG_WARN_UNREACHABLE_CODE = YES;
				CLANG_WARN__DUPLICATE_METHOD_MATCH = YES;
				COPY_PHASE_STRIP = NO;
				DEBUG_INFORMATION_FORMAT = "dwarf-with-dsym";
				ENABLE_NS_ASSERTIONS = NO;
				ENABLE_STRICT_OBJC_MSGSEND = YES;
				GCC_C_LANGUAGE_STANDARD = gnu11;
				GCC_NO_COMMON_BLOCKS = YES;
				GCC_WARN_64_TO_32_BIT_CONVERSION = YES;
				GCC_WARN_ABOUT_RETURN_TYPE = YES_ERROR;
				GCC_WARN_UNDECLARED_SELECTOR = YES;
				GCC_WARN_UNINITIALIZED_AUTOS = YES_AGGRESSIVE;
				GCC_WARN_UNUSED_FUNCTION = YES;
				GCC_WARN_UNUSED_VARIABLE = YES;
				IPHONEOS_DEPLOYMENT_TARGET = 16.1;
				MTL_ENABLE_DEBUG_INFO = NO;
				MTL_FAST_MATH = YES;
				SDKROOT = iphoneos;
				SWIFT_COMPILATION_MODE = wholemodule;
				SWIFT_OPTIMIZATION_LEVEL = "-O";
				VALIDATE_PRODUCT = YES;
			};
			name = Release;
		};
		7B61525029661B8D0019F08E /* Debug */ = {
			isa = XCBuildConfiguration;
			buildSettings = {
				ASSETCATALOG_COMPILER_APPICON_NAME = AppIcon;
				ASSETCATALOG_COMPILER_GLOBAL_ACCENT_COLOR_NAME = AccentColor;
				CODE_SIGN_STYLE = Automatic;
				CURRENT_PROJECT_VERSION = 1;
				DEVELOPMENT_ASSET_PATHS = "\"SearchPagination/Preview Content\"";
				DEVELOPMENT_TEAM = XRR5P3RD3X;
				ENABLE_PREVIEWS = YES;
				GENERATE_INFOPLIST_FILE = YES;
				INFOPLIST_KEY_UIApplicationSceneManifest_Generation = YES;
				INFOPLIST_KEY_UIApplicationSupportsIndirectInputEvents = YES;
				INFOPLIST_KEY_UILaunchScreen_Generation = YES;
				INFOPLIST_KEY_UISupportedInterfaceOrientations_iPad = "UIInterfaceOrientationPortrait UIInterfaceOrientationPortraitUpsideDown UIInterfaceOrientationLandscapeLeft UIInterfaceOrientationLandscapeRight";
				INFOPLIST_KEY_UISupportedInterfaceOrientations_iPhone = "UIInterfaceOrientationPortrait UIInterfaceOrientationLandscapeLeft UIInterfaceOrientationLandscapeRight";
				LD_RUNPATH_SEARCH_PATHS = (
					"$(inherited)",
					"@executable_path/Frameworks",
				);
				MARKETING_VERSION = 1.0;
				PRODUCT_BUNDLE_IDENTIFIER = abdullahkaraboga.SearchPagination;
				PRODUCT_NAME = "$(TARGET_NAME)";
				SWIFT_EMIT_LOC_STRINGS = YES;
				SWIFT_VERSION = 5.0;
				TARGETED_DEVICE_FAMILY = "1,2";
			};
			name = Debug;
		};
		7B61525129661B8D0019F08E /* Release */ = {
			isa = XCBuildConfiguration;
			buildSettings = {
				ASSETCATALOG_COMPILER_APPICON_NAME = AppIcon;
				ASSETCATALOG_COMPILER_GLOBAL_ACCENT_COLOR_NAME = AccentColor;
				CODE_SIGN_STYLE = Automatic;
				CURRENT_PROJECT_VERSION = 1;
				DEVELOPMENT_ASSET_PATHS = "\"SearchPagination/Preview Content\"";
				DEVELOPMENT_TEAM = XRR5P3RD3X;
				ENABLE_PREVIEWS = YES;
				GENERATE_INFOPLIST_FILE = YES;
				INFOPLIST_KEY_UIApplicationSceneManifest_Generation = YES;
				INFOPLIST_KEY_UIApplicationSupportsIndirectInputEvents = YES;
				INFOPLIST_KEY_UILaunchScreen_Generation = YES;
				INFOPLIST_KEY_UISupportedInterfaceOrientations_iPad = "UIInterfaceOrientationPortrait UIInterfaceOrientationPortraitUpsideDown UIInterfaceOrientationLandscapeLeft UIInterfaceOrientationLandscapeRight";
				INFOPLIST_KEY_UISupportedInterfaceOrientations_iPhone = "UIInterfaceOrientationPortrait UIInterfaceOrientationLandscapeLeft UIInterfaceOrientationLandscapeRight";
				LD_RUNPATH_SEARCH_PATHS = (
					"$(inherited)",
					"@executable_path/Frameworks",
				);
				MARKETING_VERSION = 1.0;
				PRODUCT_BUNDLE_IDENTIFIER = abdullahkaraboga.SearchPagination;
				PRODUCT_NAME = "$(TARGET_NAME)";
				SWIFT_EMIT_LOC_STRINGS = YES;
				SWIFT_VERSION = 5.0;
				TARGETED_DEVICE_FAMILY = "1,2";
			};
			name = Release;
		};
		7B61525329661B8D0019F08E /* Debug */ = {
			isa = XCBuildConfiguration;
			buildSettings = {
				ALWAYS_EMBED_SWIFT_STANDARD_LIBRARIES = YES;
				BUNDLE_LOADER = "$(TEST_HOST)";
				CODE_SIGN_STYLE = Automatic;
				CURRENT_PROJECT_VERSION = 1;
				DEVELOPMENT_TEAM = XRR5P3RD3X;
				GENERATE_INFOPLIST_FILE = YES;
				IPHONEOS_DEPLOYMENT_TARGET = 16.1;
				MARKETING_VERSION = 1.0;
				PRODUCT_BUNDLE_IDENTIFIER = abdullahkaraboga.SearchPaginationTests;
				PRODUCT_NAME = "$(TARGET_NAME)";
				SWIFT_EMIT_LOC_STRINGS = NO;
				SWIFT_VERSION = 5.0;
				TARGETED_DEVICE_FAMILY = "1,2";
				TEST_HOST = "$(BUILT_PRODUCTS_DIR)/SearchPagination.app/$(BUNDLE_EXECUTABLE_FOLDER_PATH)/SearchPagination";
			};
			name = Debug;
		};
		7B61525429661B8D0019F08E /* Release */ = {
			isa = XCBuildConfiguration;
			buildSettings = {
				ALWAYS_EMBED_SWIFT_STANDARD_LIBRARIES = YES;
				BUNDLE_LOADER = "$(TEST_HOST)";
				CODE_SIGN_STYLE = Automatic;
				CURRENT_PROJECT_VERSION = 1;
				DEVELOPMENT_TEAM = XRR5P3RD3X;
				GENERATE_INFOPLIST_FILE = YES;
				IPHONEOS_DEPLOYMENT_TARGET = 16.1;
				MARKETING_VERSION = 1.0;
				PRODUCT_BUNDLE_IDENTIFIER = abdullahkaraboga.SearchPaginationTests;
				PRODUCT_NAME = "$(TARGET_NAME)";
				SWIFT_EMIT_LOC_STRINGS = NO;
				SWIFT_VERSION = 5.0;
				TARGETED_DEVICE_FAMILY = "1,2";
				TEST_HOST = "$(BUILT_PRODUCTS_DIR)/SearchPagination.app/$(BUNDLE_EXECUTABLE_FOLDER_PATH)/SearchPagination";
			};
			name = Release;
		};
		7B61525629661B8D0019F08E /* Debug */ = {
			isa = XCBuildConfiguration;
			buildSettings = {
				ALWAYS_EMBED_SWIFT_STANDARD_LIBRARIES = YES;
				CODE_SIGN_STYLE = Automatic;
				CURRENT_PROJECT_VERSION = 1;
				DEVELOPMENT_TEAM = XRR5P3RD3X;
				GENERATE_INFOPLIST_FILE = YES;
				MARKETING_VERSION = 1.0;
				PRODUCT_BUNDLE_IDENTIFIER = abdullahkaraboga.SearchPaginationUITests;
				PRODUCT_NAME = "$(TARGET_NAME)";
				SWIFT_EMIT_LOC_STRINGS = NO;
				SWIFT_VERSION = 5.0;
				TARGETED_DEVICE_FAMILY = "1,2";
				TEST_TARGET_NAME = SearchPagination;
			};
			name = Debug;
		};
		7B61525729661B8D0019F08E /* Release */ = {
			isa = XCBuildConfiguration;
			buildSettings = {
				ALWAYS_EMBED_SWIFT_STANDARD_LIBRARIES = YES;
				CODE_SIGN_STYLE = Automatic;
				CURRENT_PROJECT_VERSION = 1;
				DEVELOPMENT_TEAM = XRR5P3RD3X;
				GENERATE_INFOPLIST_FILE = YES;
				MARKETING_VERSION = 1.0;
				PRODUCT_BUNDLE_IDENTIFIER = abdullahkaraboga.SearchPaginationUITests;
				PRODUCT_NAME = "$(TARGET_NAME)";
				SWIFT_EMIT_LOC_STRINGS = NO;
				SWIFT_VERSION = 5.0;
				TARGETED_DEVICE_FAMILY = "1,2";
				TEST_TARGET_NAME = SearchPagination;
			};
			name = Release;
		};
/* End XCBuildConfiguration section */

/* Begin XCConfigurationList section */
		7B61522129661B8A0019F08E /* Build configuration list for PBXProject "SearchPagination" */ = {
			isa = XCConfigurationList;
			buildConfigurations = (
				7B61524D29661B8D0019F08E /* Debug */,
				7B61524E29661B8D0019F08E /* Release */,
			);
			defaultConfigurationIsVisible = 0;
			defaultConfigurationName = Release;
		};
		7B61524F29661B8D0019F08E /* Build configuration list for PBXNativeTarget "SearchPagination" */ = {
			isa = XCConfigurationList;
			buildConfigurations = (
				7B61525029661B8D0019F08E /* Debug */,
				7B61525129661B8D0019F08E /* Release */,
			);
			defaultConfigurationIsVisible = 0;
			defaultConfigurationName = Release;
		};
		7B61525229661B8D0019F08E /* Build configuration list for PBXNativeTarget "SearchPaginationTests" */ = {
			isa = XCConfigurationList;
			buildConfigurations = (
				7B61525329661B8D0019F08E /* Debug */,
				7B61525429661B8D0019F08E /* Release */,
			);
			defaultConfigurationIsVisible = 0;
			defaultConfigurationName = Release;
		};
		7B61525529661B8D0019F08E /* Build configuration list for PBXNativeTarget "SearchPaginationUITests" */ = {
			isa = XCConfigurationList;
			buildConfigurations = (
				7B61525629661B8D0019F08E /* Debug */,
				7B61525729661B8D0019F08E /* Release */,
			);
			defaultConfigurationIsVisible = 0;
			defaultConfigurationName = Release;
		};
/* End XCConfigurationList section */

/* Begin XCVersionGroup section */
		7B61523429661B8C0019F08E /* SearchPagination.xcdatamodeld */ = {
			isa = XCVersionGroup;
			children = (
				7B61523529661B8C0019F08E /* SearchPagination.xcdatamodel */,
			);
			currentVersion = 7B61523529661B8C0019F08E /* SearchPagination.xcdatamodel */;
			path = SearchPagination.xcdatamodeld;
			sourceTree = "<group>";
			versionGroupType = wrapper.xcdatamodel;
		};
/* End XCVersionGroup section */
	};
	rootObject = 7B61521E29661B8A0019F08E /* Project object */;
}
